
Microsoft Visual Studio Solution File, Format Version 12.00
# Visual Studio Version 16
VisualStudioVersion = 16.0.30204.135
MinimumVisualStudioVersion = 10.0.40219.1
Project("{9A19103F-16F7-4668-BE54-9A1E7A4F7556}") = "PetClinic.Domain", "PetClinic.Domain\PetClinic.Domain.csproj", "{257358D4-152A-43D4-AF18-A8DE7B8DA562}"
EndProject
Project("{9A19103F-16F7-4668-BE54-9A1E7A4F7556}") = "PetClinic.Infrastructure", "PetClinic.Infrastructure\PetClinic.Infrastructure.csproj", "{737AF045-BE4B-43DA-AC7E-FCC9EBBEE723}"
EndProject
Project("{9A19103F-16F7-4668-BE54-9A1E7A4F7556}") = "PetClinic.Application", "PetClinic.Application\PetClinic.Application.csproj", "{F51E7060-33A0-426D-B24D-F1E95BAD0B0F}"
EndProject
Project("{FAE04EC0-301F-11D3-BF4B-00C04F79EFBC}") = "PetClinic.Startup", "PetClinic.Startup\PetClinic.Startup.csproj", "{84232AE2-F789-476B-AD7D-8B3C7FD04CCF}"
EndProject
Project("{FAE04EC0-301F-11D3-BF4B-00C04F79EFBC}") = "PetClinic.Web", "PetClinic.Web\PetClinic.Web.csproj", "{E79375AF-85B1-4222-99B7-3C06202E1420}"
EndProject
Global
	GlobalSection(SolutionConfigurationPlatforms) = preSolution
		Debug|Any CPU = Debug|Any CPU
		Release|Any CPU = Release|Any CPU
	EndGlobalSection
	GlobalSection(ProjectConfigurationPlatforms) = postSolution
		{257358D4-152A-43D4-AF18-A8DE7B8DA562}.Debug|Any CPU.ActiveCfg = Debug|Any CPU
		{257358D4-152A-43D4-AF18-A8DE7B8DA562}.Debug|Any CPU.Build.0 = Debug|Any CPU
		{257358D4-152A-43D4-AF18-A8DE7B8DA562}.Release|Any CPU.ActiveCfg = Release|Any CPU
		{257358D4-152A-43D4-AF18-A8DE7B8DA562}.Release|Any CPU.Build.0 = Release|Any CPU
		{737AF045-BE4B-43DA-AC7E-FCC9EBBEE723}.Debug|Any CPU.ActiveCfg = Debug|Any CPU
		{737AF045-BE4B-43DA-AC7E-FCC9EBBEE723}.Debug|Any CPU.Build.0 = Debug|Any CPU
		{737AF045-BE4B-43DA-AC7E-FCC9EBBEE723}.Release|Any CPU.ActiveCfg = Release|Any CPU
		{737AF045-BE4B-43DA-AC7E-FCC9EBBEE723}.Release|Any CPU.Build.0 = Release|Any CPU
		{F51E7060-33A0-426D-B24D-F1E95BAD0B0F}.Debug|Any CPU.ActiveCfg = Debug|Any CPU
		{F51E7060-33A0-426D-B24D-F1E95BAD0B0F}.Debug|Any CPU.Build.0 = Debug|Any CPU
		{F51E7060-33A0-426D-B24D-F1E95BAD0B0F}.Release|Any CPU.ActiveCfg = Release|Any CPU
		{F51E7060-33A0-426D-B24D-F1E95BAD0B0F}.Release|Any CPU.Build.0 = Release|Any CPU
		{84232AE2-F789-476B-AD7D-8B3C7FD04CCF}.Debug|Any CPU.ActiveCfg = Debug|Any CPU
		{84232AE2-F789-476B-AD7D-8B3C7FD04CCF}.Debug|Any CPU.Build.0 = Debug|Any CPU
		{84232AE2-F789-476B-AD7D-8B3C7FD04CCF}.Release|Any CPU.ActiveCfg = Release|Any CPU
		{84232AE2-F789-476B-AD7D-8B3C7FD04CCF}.Release|Any CPU.Build.0 = Release|Any CPU
		{E79375AF-85B1-4222-99B7-3C06202E1420}.Debug|Any CPU.ActiveCfg = Debug|Any CPU
		{E79375AF-85B1-4222-99B7-3C06202E1420}.Debug|Any CPU.Build.0 = Debug|Any CPU
		{E79375AF-85B1-4222-99B7-3C06202E1420}.Release|Any CPU.ActiveCfg = Release|Any CPU
		{E79375AF-85B1-4222-99B7-3C06202E1420}.Release|Any CPU.Build.0 = Release|Any CPU
	EndGlobalSection
	GlobalSection(SolutionProperties) = preSolution
		HideSolutionNode = FALSE
	EndGlobalSection
	GlobalSection(ExtensibilityGlobals) = postSolution
		SolutionGuid = {DF215FAC-86FC-4214-B9B1-6D56448EE107}
	EndGlobalSection
EndGlobal
