
Microsoft Visual Studio Solution File, Format Version 12.00
# Visual Studio Version 16
VisualStudioVersion = 16.0.30204.135
MinimumVisualStudioVersion = 10.0.40219.1
Project("{FAE04EC0-301F-11D3-BF4B-00C04F79EFBC}") = "PetClinic.Domain", "PetClinic.Domain\PetClinic.Domain.csproj", "{257358D4-152A-43D4-AF18-A8DE7B8DA562}"
EndProject
Global
	GlobalSection(SolutionConfigurationPlatforms) = preSolution
		Debug|Any CPU = Debug|Any CPU
		Release|Any CPU = Release|Any CPU
	EndGlobalSection
	GlobalSection(ProjectConfigurationPlatforms) = postSolution
		{257358D4-152A-43D4-AF18-A8DE7B8DA562}.Debug|Any CPU.ActiveCfg = Debug|Any CPU
		{257358D4-152A-43D4-AF18-A8DE7B8DA562}.Debug|Any CPU.Build.0 = Debug|Any CPU
		{257358D4-152A-43D4-AF18-A8DE7B8DA562}.Release|Any CPU.ActiveCfg = Release|Any CPU
		{257358D4-152A-43D4-AF18-A8DE7B8DA562}.Release|Any CPU.Build.0 = Release|Any CPU
	EndGlobalSection
	GlobalSection(SolutionProperties) = preSolution
		HideSolutionNode = FALSE
	EndGlobalSection
	GlobalSection(ExtensibilityGlobals) = postSolution
		SolutionGuid = {DF215FAC-86FC-4214-B9B1-6D56448EE107}
	EndGlobalSection
EndGlobal
